
Microsoft Visual Studio Solution File, Format Version 12.00
# Visual Studio Version 17
VisualStudioVersion = 17.11.35312.102
MinimumVisualStudioVersion = 10.0.40219.1
Project("{FAE04EC0-301F-11D3-BF4B-00C04F79EFBC}") = "FilterQuestionJson", "FilterQuestionJson\FilterQuestionJson.csproj", "{F75276C8-E550-405B-B2F8-0994617247BD}"
EndProject
Global
	GlobalSection(SolutionConfigurationPlatforms) = preSolution
		Debug|Any CPU = Debug|Any CPU
		Release|Any CPU = Release|Any CPU
	EndGlobalSection
	GlobalSection(ProjectConfigurationPlatforms) = postSolution
		{F75276C8-E550-405B-B2F8-0994617247BD}.Debug|Any CPU.ActiveCfg = Debug|Any CPU
		{F75276C8-E550-405B-B2F8-0994617247BD}.Debug|Any CPU.Build.0 = Debug|Any CPU
		{F75276C8-E550-405B-B2F8-0994617247BD}.Release|Any CPU.ActiveCfg = Release|Any CPU
		{F75276C8-E550-405B-B2F8-0994617247BD}.Release|Any CPU.Build.0 = Release|Any CPU
	EndGlobalSection
	GlobalSection(SolutionProperties) = preSolution
		HideSolutionNode = FALSE
	EndGlobalSection
	GlobalSection(ExtensibilityGlobals) = postSolution
		SolutionGuid = {F11DECF9-6E43-4485-A7A3-227FB81B3C00}
	EndGlobalSection
EndGlobal
