
Microsoft Visual Studio Solution File, Format Version 12.00
# Visual Studio Version 17
VisualStudioVersion = 17.11.35312.102
MinimumVisualStudioVersion = 10.0.40219.1
Project("{FAE04EC0-301F-11D3-BF4B-00C04F79EFBC}") = "AngularApp1.Server", "AngularApp1.Server\AngularApp1.Server.csproj", "{C2765846-3B1C-47F3-A2D2-7DB851E582B1}"
EndProject
Project("{54A90642-561A-4BB1-A94E-469ADEE60C69}") = "angularapp1.client", "angularapp1.client\angularapp1.client.esproj", "{3F12638D-C6BA-404B-B7B6-6D6E72EDC22E}"
EndProject
Global
	GlobalSection(SolutionConfigurationPlatforms) = preSolution
		Debug|Any CPU = Debug|Any CPU
		Release|Any CPU = Release|Any CPU
	EndGlobalSection
	GlobalSection(ProjectConfigurationPlatforms) = postSolution
		{C2765846-3B1C-47F3-A2D2-7DB851E582B1}.Debug|Any CPU.ActiveCfg = Debug|Any CPU
		{C2765846-3B1C-47F3-A2D2-7DB851E582B1}.Debug|Any CPU.Build.0 = Debug|Any CPU
		{C2765846-3B1C-47F3-A2D2-7DB851E582B1}.Release|Any CPU.ActiveCfg = Release|Any CPU
		{C2765846-3B1C-47F3-A2D2-7DB851E582B1}.Release|Any CPU.Build.0 = Release|Any CPU
		{3F12638D-C6BA-404B-B7B6-6D6E72EDC22E}.Debug|Any CPU.ActiveCfg = Debug|Any CPU
		{3F12638D-C6BA-404B-B7B6-6D6E72EDC22E}.Debug|Any CPU.Build.0 = Debug|Any CPU
		{3F12638D-C6BA-404B-B7B6-6D6E72EDC22E}.Debug|Any CPU.Deploy.0 = Debug|Any CPU
		{3F12638D-C6BA-404B-B7B6-6D6E72EDC22E}.Release|Any CPU.ActiveCfg = Release|Any CPU
		{3F12638D-C6BA-404B-B7B6-6D6E72EDC22E}.Release|Any CPU.Build.0 = Release|Any CPU
		{3F12638D-C6BA-404B-B7B6-6D6E72EDC22E}.Release|Any CPU.Deploy.0 = Release|Any CPU
	EndGlobalSection
	GlobalSection(SolutionProperties) = preSolution
		HideSolutionNode = FALSE
	EndGlobalSection
	GlobalSection(ExtensibilityGlobals) = postSolution
		SolutionGuid = {1739B077-CF99-4E20-A721-C54A106EC154}
	EndGlobalSection
EndGlobal
