
Microsoft Visual Studio Solution File, Format Version 12.00
# Visual Studio Version 16
VisualStudioVersion = 16.0.31729.503
MinimumVisualStudioVersion = 10.0.40219.1
Project("{FAE04EC0-301F-11D3-BF4B-00C04F79EFBC}") = "Project2", "Project2\Project2.csproj", "{16178B1A-567D-48C9-8C85-2F4C364176B3}"
EndProject
Global
	GlobalSection(SolutionConfigurationPlatforms) = preSolution
		Debug|Any CPU = Debug|Any CPU
		Release|Any CPU = Release|Any CPU
	EndGlobalSection
	GlobalSection(ProjectConfigurationPlatforms) = postSolution
		{16178B1A-567D-48C9-8C85-2F4C364176B3}.Debug|Any CPU.ActiveCfg = Debug|Any CPU
		{16178B1A-567D-48C9-8C85-2F4C364176B3}.Debug|Any CPU.Build.0 = Debug|Any CPU
		{16178B1A-567D-48C9-8C85-2F4C364176B3}.Release|Any CPU.ActiveCfg = Release|Any CPU
		{16178B1A-567D-48C9-8C85-2F4C364176B3}.Release|Any CPU.Build.0 = Release|Any CPU
	EndGlobalSection
	GlobalSection(SolutionProperties) = preSolution
		HideSolutionNode = FALSE
	EndGlobalSection
	GlobalSection(ExtensibilityGlobals) = postSolution
		SolutionGuid = {252ABEF1-A7BA-45A7-A0B0-04877CAE7F0D}
	EndGlobalSection
EndGlobal
