
Microsoft Visual Studio Solution File, Format Version 12.00
# Visual Studio Version 16
VisualStudioVersion = 16.0.30413.136
MinimumVisualStudioVersion = 10.0.40219.1
Project("{FAE04EC0-301F-11D3-BF4B-00C04F79EFBC}") = "WebShopDatacrafter", "WebShopDatacrafter\WebShopDatacrafter.csproj", "{A5251EDC-5FEB-4F7A-88DB-4F8EDC3AC469}"
EndProject
Global
	GlobalSection(SolutionConfigurationPlatforms) = preSolution
		Debug|Any CPU = Debug|Any CPU
		Release|Any CPU = Release|Any CPU
	EndGlobalSection
	GlobalSection(ProjectConfigurationPlatforms) = postSolution
		{A5251EDC-5FEB-4F7A-88DB-4F8EDC3AC469}.Debug|Any CPU.ActiveCfg = Debug|Any CPU
		{A5251EDC-5FEB-4F7A-88DB-4F8EDC3AC469}.Debug|Any CPU.Build.0 = Debug|Any CPU
		{A5251EDC-5FEB-4F7A-88DB-4F8EDC3AC469}.Release|Any CPU.ActiveCfg = Release|Any CPU
		{A5251EDC-5FEB-4F7A-88DB-4F8EDC3AC469}.Release|Any CPU.Build.0 = Release|Any CPU
	EndGlobalSection
	GlobalSection(SolutionProperties) = preSolution
		HideSolutionNode = FALSE
	EndGlobalSection
	GlobalSection(ExtensibilityGlobals) = postSolution
		SolutionGuid = {D4A39B9B-C973-4126-81DD-DF1A7A6BD008}
	EndGlobalSection
EndGlobal
